// !$*UTF8*$!
{
	archiveVersion = 1;
	classes = {
	};
	objectVersion = 46;
	objects = {

/* Begin PBXBuildFile section */
		3FA2270F1D0AEA1C005A8907 /* main.m in Sources */ = {isa = PBXBuildFile; fileRef = 3FA2270E1D0AEA1C005A8907 /* main.m */; };
		3FA227121D0AEA1C005A8907 /* AppDelegate.m in Sources */ = {isa = PBXBuildFile; fileRef = 3FA227111D0AEA1C005A8907 /* AppDelegate.m */; };
		3FA227151D0AEA1C005A8907 /* ViewController.m in Sources */ = {isa = PBXBuildFile; fileRef = 3FA227141D0AEA1C005A8907 /* ViewController.m */; };
		3FA227181D0AEA1C005A8907 /* Main.storyboard in Resources */ = {isa = PBXBuildFile; fileRef = 3FA227161D0AEA1C005A8907 /* Main.storyboard */; };
		3FA2271A1D0AEA1C005A8907 /* Assets.xcassets in Resources */ = {isa = PBXBuildFile; fileRef = 3FA227191D0AEA1C005A8907 /* Assets.xcassets */; };
		3FA2271D1D0AEA1C005A8907 /* LaunchScreen.storyboard in Resources */ = {isa = PBXBuildFile; fileRef = 3FA2271B1D0AEA1C005A8907 /* LaunchScreen.storyboard */; };
		3FA227271D0AF89E005A8907 /* naruto.jpg in Resources */ = {isa = PBXBuildFile; fileRef = 3FA227261D0AF89E005A8907 /* naruto.jpg */; };
/* End PBXBuildFile section */

/* Begin PBXFileReference section */
		3FA2270A1D0AEA1C005A8907 /* ContactBackUp-Demo.app */ = {isa = PBXFileReference; explicitFileType = wrapper.application; includeInIndex = 0; path = "ContactBackUp-Demo.app"; sourceTree = BUILT_PRODUCTS_DIR; };
		3FA2270E1D0AEA1C005A8907 /* main.m */ = {isa = PBXFileReference; lastKnownFileType = sourcecode.c.objc; path = main.m; sourceTree = "<group>"; };
		3FA227101D0AEA1C005A8907 /* AppDelegate.h */ = {isa = PBXFileReference; lastKnownFileType = sourcecode.c.h; path = AppDelegate.h; sourceTree = "<group>"; };
		3FA227111D0AEA1C005A8907 /* AppDelegate.m */ = {isa = PBXFileReference; lastKnownFileType = sourcecode.c.objc; path = AppDelegate.m; sourceTree = "<group>"; };
		3FA227131D0AEA1C005A8907 /* ViewController.h */ = {isa = PBXFileReference; lastKnownFileType = sourcecode.c.h; path = ViewController.h; sourceTree = "<group>"; };
		3FA227141D0AEA1C005A8907 /* ViewController.m */ = {isa = PBXFileReference; lastKnownFileType = sourcecode.c.objc; path = ViewController.m; sourceTree = "<group>"; };
		3FA227171D0AEA1C005A8907 /* Base */ = {isa = PBXFileReference; lastKnownFileType = file.storyboard; name = Base; path = Base.lproj/Main.storyboard; sourceTree = "<group>"; };
		3FA227191D0AEA1C005A8907 /* Assets.xcassets */ = {isa = PBXFileReference; lastKnownFileType = folder.assetcatalog; path = Assets.xcassets; sourceTree = "<group>"; };
		3FA2271C1D0AEA1C005A8907 /* Base */ = {isa = PBXFileReference; lastKnownFileType = file.storyboard; name = Base; path = Base.lproj/LaunchScreen.storyboard; sourceTree = "<group>"; };
		3FA2271E1D0AEA1C005A8907 /* Info.plist */ = {isa = PBXFileReference; lastKnownFileType = text.plist.xml; path = Info.plist; sourceTree = "<group>"; };
		3FA227261D0AF89E005A8907 /* naruto.jpg */ = {isa = PBXFileReference; lastKnownFileType = image.jpeg; path = naruto.jpg; sourceTree = "<group>"; };
/* End PBXFileReference section */

/* Begin PBXFrameworksBuildPhase section */
		3FA227071D0AEA1C005A8907 /* Frameworks */ = {
			isa = PBXFrameworksBuildPhase;
			buildActionMask = 2147483647;
			files = (
			);
			runOnlyForDeploymentPostprocessing = 0;
		};
/* End PBXFrameworksBuildPhase section */

/* Begin PBXGroup section */
		3FA227011D0AEA1C005A8907 = {
			isa = PBXGroup;
			children = (
				3FA2270C1D0AEA1C005A8907 /* ContactBackUp-Demo */,
				3FA2270B1D0AEA1C005A8907 /* Products */,
			);
			sourceTree = "<group>";
		};
		3FA2270B1D0AEA1C005A8907 /* Products */ = {
			isa = PBXGroup;
			children = (
				3FA2270A1D0AEA1C005A8907 /* ContactBackUp-Demo.app */,
			);
			name = Products;
			sourceTree = "<group>";
		};
		3FA2270C1D0AEA1C005A8907 /* ContactBackUp-Demo */ = {
			isa = PBXGroup;
			children = (
				3FE4C0381D0BBCB800AADE7D /* Others */,
				3FE4C03A1D0BBCD200AADE7D /* View */,
				3FE4C0391D0BBCC500AADE7D /* Controller */,
				3FA227191D0AEA1C005A8907 /* Assets.xcassets */,
				3FA227261D0AF89E005A8907 /* naruto.jpg */,
				3FA2271E1D0AEA1C005A8907 /* Info.plist */,
				3FA2270D1D0AEA1C005A8907 /* Supporting Files */,
			);
			path = "ContactBackUp-Demo";
			sourceTree = "<group>";
		};
		3FA2270D1D0AEA1C005A8907 /* Supporting Files */ = {
			isa = PBXGroup;
			children = (
				3FA2270E1D0AEA1C005A8907 /* main.m */,
			);
			name = "Supporting Files";
			sourceTree = "<group>";
		};
		3FE4C0381D0BBCB800AADE7D /* Others */ = {
			isa = PBXGroup;
			children = (
				3FA227101D0AEA1C005A8907 /* AppDelegate.h */,
				3FA227111D0AEA1C005A8907 /* AppDelegate.m */,
			);
			name = Others;
			sourceTree = "<group>";
		};
		3FE4C0391D0BBCC500AADE7D /* Controller */ = {
			isa = PBXGroup;
			children = (
				3FA227131D0AEA1C005A8907 /* ViewController.h */,
				3FA227141D0AEA1C005A8907 /* ViewController.m */,
			);
			name = Controller;
			sourceTree = "<group>";
		};
		3FE4C03A1D0BBCD200AADE7D /* View */ = {
			isa = PBXGroup;
			children = (
				3FA227161D0AEA1C005A8907 /* Main.storyboard */,
				3FA2271B1D0AEA1C005A8907 /* LaunchScreen.storyboard */,
			);
			name = View;
			sourceTree = "<group>";
		};
/* End PBXGroup section */

/* Begin PBXNativeTarget section */
		3FA227091D0AEA1C005A8907 /* ContactBackUp-Demo */ = {
			isa = PBXNativeTarget;
			buildConfigurationList = 3FA227211D0AEA1C005A8907 /* Build configuration list for PBXNativeTarget "ContactBackUp-Demo" */;
			buildPhases = (
				3FA227061D0AEA1C005A8907 /* Sources */,
				3FA227071D0AEA1C005A8907 /* Frameworks */,
				3FA227081D0AEA1C005A8907 /* Resources */,
			);
			buildRules = (
			);
			dependencies = (
			);
			name = "ContactBackUp-Demo";
			productName = "ContactBackUp-Demo";
			productReference = 3FA2270A1D0AEA1C005A8907 /* ContactBackUp-Demo.app */;
			productType = "com.apple.product-type.application";
		};
/* End PBXNativeTarget section */

/* Begin PBXProject section */
		3FA227021D0AEA1C005A8907 /* Project object */ = {
			isa = PBXProject;
			attributes = {
				LastUpgradeCheck = 0730;
				ORGANIZATIONNAME = Steven;
				TargetAttributes = {
					3FA227091D0AEA1C005A8907 = {
						CreatedOnToolsVersion = 7.3;
					};
				};
			};
			buildConfigurationList = 3FA227051D0AEA1C005A8907 /* Build configuration list for PBXProject "ContactBackUp-Demo" */;
			compatibilityVersion = "Xcode 3.2";
			developmentRegion = English;
			hasScannedForEncodings = 0;
			knownRegions = (
				en,
				Base,
			);
			mainGroup = 3FA227011D0AEA1C005A8907;
			productRefGroup = 3FA2270B1D0AEA1C005A8907 /* Products */;
			projectDirPath = "";
			projectRoot = "";
			targets = (
				3FA227091D0AEA1C005A8907 /* ContactBackUp-Demo */,
			);
		};
/* End PBXProject section */

/* Begin PBXResourcesBuildPhase section */
		3FA227081D0AEA1C005A8907 /* Resources */ = {
			isa = PBXResourcesBuildPhase;
			buildActionMask = 2147483647;
			files = (
				3FA2271D1D0AEA1C005A8907 /* LaunchScreen.storyboard in Resources */,
				3FA2271A1D0AEA1C005A8907 /* Assets.xcassets in Resources */,
				3FA227271D0AF89E005A8907 /* naruto.jpg in Resources */,
				3FA227181D0AEA1C005A8907 /* Main.storyboard in Resources */,
			);
			runOnlyForDeploymentPostprocessing = 0;
		};
/* End PBXResourcesBuildPhase section */

/* Begin PBXSourcesBuildPhase section */
		3FA227061D0AEA1C005A8907 /* Sources */ = {
			isa = PBXSourcesBuildPhase;
			buildActionMask = 2147483647;
			files = (
				3FA227151D0AEA1C005A8907 /* ViewController.m in Sources */,
				3FA227121D0AEA1C005A8907 /* AppDelegate.m in Sources */,
				3FA2270F1D0AEA1C005A8907 /* main.m in Sources */,
			);
			runOnlyForDeploymentPostprocessing = 0;
		};
/* End PBXSourcesBuildPhase section */

/* Begin PBXVariantGroup section */
		3FA227161D0AEA1C005A8907 /* Main.storyboard */ = {
			isa = PBXVariantGroup;
			children = (
				3FA227171D0AEA1C005A8907 /* Base */,
			);
			name = Main.storyboard;
			sourceTree = "<group>";
		};
		3FA2271B1D0AEA1C005A8907 /* LaunchScreen.storyboard */ = {
			isa = PBXVariantGroup;
			children = (
				3FA2271C1D0AEA1C005A8907 /* Base */,
			);
			name = LaunchScreen.storyboard;
			sourceTree = "<group>";
		};
/* End PBXVariantGroup section */

/* Begin XCBuildConfiguration section */
		3FA2271F1D0AEA1C005A8907 /* Debug */ = {
			isa = XCBuildConfiguration;
			buildSettings = {
				ALWAYS_SEARCH_USER_PATHS = NO;
				CLANG_ANALYZER_NONNULL = YES;
				CLANG_CXX_LANGUAGE_STANDARD = "gnu++0x";
				CLANG_CXX_LIBRARY = "libc++";
				CLANG_ENABLE_MODULES = YES;
				CLANG_ENABLE_OBJC_ARC = YES;
				CLANG_WARN_BOOL_CONVERSION = YES;
				CLANG_WARN_CONSTANT_CONVERSION = YES;
				CLANG_WARN_DIRECT_OBJC_ISA_USAGE = YES_ERROR;
				CLANG_WARN_EMPTY_BODY = YES;
				CLANG_WARN_ENUM_CONVERSION = YES;
				CLANG_WARN_INT_CONVERSION = YES;
				CLANG_WARN_OBJC_ROOT_CLASS = YES_ERROR;
				CLANG_WARN_UNREACHABLE_CODE = YES;
				CLANG_WARN__DUPLICATE_METHOD_MATCH = YES;
				"CODE_SIGN_IDENTITY[sdk=iphoneos*]" = "iPhone Developer";
				COPY_PHASE_STRIP = NO;
				DEBUG_INFORMATION_FORMAT = dwarf;
				ENABLE_STRICT_OBJC_MSGSEND = YES;
				ENABLE_TESTABILITY = YES;
				GCC_C_LANGUAGE_STANDARD = gnu99;
				GCC_DYNAMIC_NO_PIC = NO;
				GCC_NO_COMMON_BLOCKS = YES;
				GCC_OPTIMIZATION_LEVEL = 0;
				GCC_PREPROCESSOR_DEFINITIONS = (
					"DEBUG=1",
					"$(inherited)",
				);
				GCC_WARN_64_TO_32_BIT_CONVERSION = YES;
				GCC_WARN_ABOUT_RETURN_TYPE = YES_ERROR;
				GCC_WARN_UNDECLARED_SELECTOR = YES;
				GCC_WARN_UNINITIALIZED_AUTOS = YES_AGGRESSIVE;
				GCC_WARN_UNUSED_FUNCTION = YES;
				GCC_WARN_UNUSED_VARIABLE = YES;
				IPHONEOS_DEPLOYMENT_TARGET = 9.3;
				MTL_ENABLE_DEBUG_INFO = YES;
				ONLY_ACTIVE_ARCH = YES;
				SDKROOT = iphoneos;
			};
			name = Debug;
		};
		3FA227201D0AEA1C005A8907 /* Release */ = {
			isa = XCBuildConfiguration;
			buildSettings = {
				ALWAYS_SEARCH_USER_PATHS = NO;
				CLANG_ANALYZER_NONNULL = YES;
				CLANG_CXX_LANGUAGE_STANDARD = "gnu++0x";
				CLANG_CXX_LIBRARY = "libc++";
				CLANG_ENABLE_MODULES = YES;
				CLANG_ENABLE_OBJC_ARC = YES;
				CLANG_WARN_BOOL_CONVERSION = YES;
				CLANG_WARN_CONSTANT_CONVERSION = YES;
				CLANG_WARN_DIRECT_OBJC_ISA_USAGE = YES_ERROR;
				CLANG_WARN_EMPTY_BODY = YES;
				CLANG_WARN_ENUM_CONVERSION = YES;
				CLANG_WARN_INT_CONVERSION = YES;
				CLANG_WARN_OBJC_ROOT_CLASS = YES_ERROR;
				CLANG_WARN_UNREACHABLE_CODE = YES;
				CLANG_WARN__DUPLICATE_METHOD_MATCH = YES;
				"CODE_SIGN_IDENTITY[sdk=iphoneos*]" = "iPhone Developer";
				COPY_PHASE_STRIP = NO;
				DEBUG_INFORMATION_FORMAT = "dwarf-with-dsym";
				ENABLE_NS_ASSERTIONS = NO;
				ENABLE_STRICT_OBJC_MSGSEND = YES;
				GCC_C_LANGUAGE_STANDARD = gnu99;
				GCC_NO_COMMON_BLOCKS = YES;
				GCC_WARN_64_TO_32_BIT_CONVERSION = YES;
				GCC_WARN_ABOUT_RETURN_TYPE = YES_ERROR;
				GCC_WARN_UNDECLARED_SELECTOR = YES;
				GCC_WARN_UNINITIALIZED_AUTOS = YES_AGGRESSIVE;
				GCC_WARN_UNUSED_FUNCTION = YES;
				GCC_WARN_UNUSED_VARIABLE = YES;
				IPHONEOS_DEPLOYMENT_TARGET = 9.3;
				MTL_ENABLE_DEBUG_INFO = NO;
				SDKROOT = iphoneos;
				VALIDATE_PRODUCT = YES;
			};
			name = Release;
		};
		3FA227221D0AEA1C005A8907 /* Debug */ = {
			isa = XCBuildConfiguration;
			buildSettings = {
				ASSETCATALOG_COMPILER_APPICON_NAME = AppIcon;
				CODE_SIGN_IDENTITY = "iPhone Developer";
				INFOPLIST_FILE = "ContactBackUp-Demo/Info.plist";
				LD_RUNPATH_SEARCH_PATHS = "$(inherited) @executable_path/Frameworks";
				PRODUCT_BUNDLE_IDENTIFIER = "Crazy.ContactBackUp-Demo";
				PRODUCT_NAME = "$(TARGET_NAME)";
			};
			name = Debug;
		};
		3FA227231D0AEA1C005A8907 /* Release */ = {
			isa = XCBuildConfiguration;
			buildSettings = {
				ASSETCATALOG_COMPILER_APPICON_NAME = AppIcon;
				CODE_SIGN_IDENTITY = "iPhone Developer";
				INFOPLIST_FILE = "ContactBackUp-Demo/Info.plist";
				LD_RUNPATH_SEARCH_PATHS = "$(inherited) @executable_path/Frameworks";
				PRODUCT_BUNDLE_IDENTIFIER = "Crazy.ContactBackUp-Demo";
				PRODUCT_NAME = "$(TARGET_NAME)";
			};
			name = Release;
		};
/* End XCBuildConfiguration section */

/* Begin XCConfigurationList section */
		3FA227051D0AEA1C005A8907 /* Build configuration list for PBXProject "ContactBackUp-Demo" */ = {
			isa = XCConfigurationList;
			buildConfigurations = (
				3FA2271F1D0AEA1C005A8907 /* Debug */,
				3FA227201D0AEA1C005A8907 /* Release */,
			);
			defaultConfigurationIsVisible = 0;
			defaultConfigurationName = Release;
		};
		3FA227211D0AEA1C005A8907 /* Build configuration list for PBXNativeTarget "ContactBackUp-Demo" */ = {
			isa = XCConfigurationList;
			buildConfigurations = (
				3FA227221D0AEA1C005A8907 /* Debug */,
				3FA227231D0AEA1C005A8907 /* Release */,
			);
			defaultConfigurationIsVisible = 0;
			defaultConfigurationName = Release;
		};
/* End XCConfigurationList section */
	};
	rootObject = 3FA227021D0AEA1C005A8907 /* Project object */;
}
